
Microsoft Visual Studio Solution File, Format Version 12.00
# Visual Studio Version 17
VisualStudioVersion = 17.14.37111.16
MinimumVisualStudioVersion = 10.0.40219.1
Project("{FAE04EC0-301F-11D3-BF4B-00C04F79EFBC}") = "google", "google\google.csproj", "{17B6AAA8-4C0A-4083-91DB-C6CE21601DD1}"
EndProject
Project("{FAE04EC0-301F-11D3-BF4B-00C04F79EFBC}") = "胡維基的AI3.0", "WuWikiAI\胡維基的AI3.0.csproj", "{4CC5B9CA-9CC7-F160-F1BC-4C5E57B7AFF6}"
EndProject
Global
	GlobalSection(SolutionConfigurationPlatforms) = preSolution
		Debug|Any CPU = Debug|Any CPU
		Release|Any CPU = Release|Any CPU
	EndGlobalSection
	GlobalSection(ProjectConfigurationPlatforms) = postSolution
		{17B6AAA8-4C0A-4083-91DB-C6CE21601DD1}.Debug|Any CPU.ActiveCfg = Debug|Any CPU
		{17B6AAA8-4C0A-4083-91DB-C6CE21601DD1}.Debug|Any CPU.Build.0 = Debug|Any CPU
		{17B6AAA8-4C0A-4083-91DB-C6CE21601DD1}.Release|Any CPU.ActiveCfg = Release|Any CPU
		{17B6AAA8-4C0A-4083-91DB-C6CE21601DD1}.Release|Any CPU.Build.0 = Release|Any CPU
		{4CC5B9CA-9CC7-F160-F1BC-4C5E57B7AFF6}.Debug|Any CPU.ActiveCfg = Debug|Any CPU
		{4CC5B9CA-9CC7-F160-F1BC-4C5E57B7AFF6}.Debug|Any CPU.Build.0 = Debug|Any CPU
		{4CC5B9CA-9CC7-F160-F1BC-4C5E57B7AFF6}.Release|Any CPU.ActiveCfg = Release|Any CPU
		{4CC5B9CA-9CC7-F160-F1BC-4C5E57B7AFF6}.Release|Any CPU.Build.0 = Release|Any CPU
	EndGlobalSection
	GlobalSection(SolutionProperties) = preSolution
		HideSolutionNode = FALSE
	EndGlobalSection
	GlobalSection(ExtensibilityGlobals) = postSolution
		SolutionGuid = {B1C74415-B905-4273-BF63-EB4F93C7826C}
	EndGlobalSection
EndGlobal
